
Microsoft Visual Studio Solution File, Format Version 12.00
# Visual Studio Version 16
VisualStudioVersion = 16.0.29409.12
MinimumVisualStudioVersion = 10.0.40219.1
Project("{9A19103F-16F7-4668-BE54-9A1E7A4F7556}") = "intra_models", "intra_models\intra_models.csproj", "{49190760-C743-4F54-8480-5F03D984C0C5}"
EndProject
Project("{FAE04EC0-301F-11D3-BF4B-00C04F79EFBC}") = "gestionnaire_clients", "gestionnaire_clients\gestionnaire_clients.csproj", "{AE779665-F988-49C6-A4C4-68C13BD33AA6}"
	ProjectSection(ProjectDependencies) = postProject
		{49190760-C743-4F54-8480-5F03D984C0C5} = {49190760-C743-4F54-8480-5F03D984C0C5}
	EndProjectSection
EndProject
Global
	GlobalSection(SolutionConfigurationPlatforms) = preSolution
		Debug|Any CPU = Debug|Any CPU
		Release|Any CPU = Release|Any CPU
	EndGlobalSection
	GlobalSection(ProjectConfigurationPlatforms) = postSolution
		{49190760-C743-4F54-8480-5F03D984C0C5}.Debug|Any CPU.ActiveCfg = Debug|Any CPU
		{49190760-C743-4F54-8480-5F03D984C0C5}.Debug|Any CPU.Build.0 = Debug|Any CPU
		{49190760-C743-4F54-8480-5F03D984C0C5}.Release|Any CPU.ActiveCfg = Release|Any CPU
		{49190760-C743-4F54-8480-5F03D984C0C5}.Release|Any CPU.Build.0 = Release|Any CPU
		{AE779665-F988-49C6-A4C4-68C13BD33AA6}.Debug|Any CPU.ActiveCfg = Debug|Any CPU
		{AE779665-F988-49C6-A4C4-68C13BD33AA6}.Debug|Any CPU.Build.0 = Debug|Any CPU
		{AE779665-F988-49C6-A4C4-68C13BD33AA6}.Release|Any CPU.ActiveCfg = Release|Any CPU
		{AE779665-F988-49C6-A4C4-68C13BD33AA6}.Release|Any CPU.Build.0 = Release|Any CPU
	EndGlobalSection
	GlobalSection(SolutionProperties) = preSolution
		HideSolutionNode = FALSE
	EndGlobalSection
	GlobalSection(ExtensibilityGlobals) = postSolution
		SolutionGuid = {CF0C6B54-05D5-4F60-846B-DD1966509B30}
	EndGlobalSection
EndGlobal
